
Microsoft Visual Studio Solution File, Format Version 12.00
# Visual Studio Version 17
VisualStudioVersion = 17.4.33213.308
MinimumVisualStudioVersion = 10.0.40219.1
Project("{FAE04EC0-301F-11D3-BF4B-00C04F79EFBC}") = "Maths Tutoring Program", "Maths Tutoring Program\Maths Tutoring Program.csproj", "{69BAB565-C6A8-4E08-B46E-2926A1B7840C}"
EndProject
Global
	GlobalSection(SolutionConfigurationPlatforms) = preSolution
		Debug|Any CPU = Debug|Any CPU
		Release|Any CPU = Release|Any CPU
	EndGlobalSection
	GlobalSection(ProjectConfigurationPlatforms) = postSolution
		{69BAB565-C6A8-4E08-B46E-2926A1B7840C}.Debug|Any CPU.ActiveCfg = Debug|Any CPU
		{69BAB565-C6A8-4E08-B46E-2926A1B7840C}.Debug|Any CPU.Build.0 = Debug|Any CPU
		{69BAB565-C6A8-4E08-B46E-2926A1B7840C}.Release|Any CPU.ActiveCfg = Release|Any CPU
		{69BAB565-C6A8-4E08-B46E-2926A1B7840C}.Release|Any CPU.Build.0 = Release|Any CPU
	EndGlobalSection
	GlobalSection(SolutionProperties) = preSolution
		HideSolutionNode = FALSE
	EndGlobalSection
	GlobalSection(ExtensibilityGlobals) = postSolution
		SolutionGuid = {CBBBB15D-FF79-4DB8-959B-EFAB8096491E}
	EndGlobalSection
EndGlobal
